
Microsoft Visual Studio Solution File, Format Version 12.00
# Visual Studio 14
VisualStudioVersion = 14.0.25420.1
MinimumVisualStudioVersion = 10.0.40219.1
Project("{FAE04EC0-301F-11D3-BF4B-00C04F79EFBC}") = "ServiceWire", "ServiceWire\ServiceWire.csproj", "{4F36B450-A225-4D13-9786-8B84AC25A304}"
EndProject
Project("{2150E333-8FDC-42A3-9474-1A3956D46DE8}") = "Tests", "Tests", "{B4BD92DB-D725-4D20-8134-B610CA83F842}"
EndProject
Project("{2150E333-8FDC-42A3-9474-1A3956D46DE8}") = "Unit", "Unit", "{FC6B546C-85D6-4C37-ABB4-E02903AFB564}"
EndProject
Project("{2150E333-8FDC-42A3-9474-1A3956D46DE8}") = "Integration", "Integration", "{F2EA68D1-E9C5-40C2-8EFA-4D282ACD32D4}"
EndProject
Project("{FAE04EC0-301F-11D3-BF4B-00C04F79EFBC}") = "ServiceWireTestHost", "Tests\Integration\ServiceWireTestHost\ServiceWireTestHost.csproj", "{3265DA8B-AD7E-4F2A-BB5B-2D81C5BA500A}"
EndProject
Project("{FAE04EC0-301F-11D3-BF4B-00C04F79EFBC}") = "ServiceWireTestClient2", "Tests\Integration\ServiceWireTestClient2\ServiceWireTestClient2.csproj", "{2AF18F87-5258-4AF4-8441-A67344DD5C13}"
EndProject
Project("{FAE04EC0-301F-11D3-BF4B-00C04F79EFBC}") = "ServiceWireTestClient1", "Tests\Integration\ServiceWireTestClient1\ServiceWireTestClient1.csproj", "{B9FAD2F3-17D4-435D-906B-45175457B294}"
EndProject
Project("{FAE04EC0-301F-11D3-BF4B-00C04F79EFBC}") = "ServiceWireTests", "Tests\Unit\ServiceWireTests\ServiceWireTests.csproj", "{0DF0ECE8-6ACA-442B-BBA6-6367F9B8D296}"
EndProject
Project("{FAE04EC0-301F-11D3-BF4B-00C04F79EFBC}") = "ServiceWireTestCommon", "Tests\ServiceWireTestCommon\ServiceWireTestCommon.csproj", "{4E07F3FB-F17C-4FF8-AA06-59ECE4956F6F}"
EndProject
Project("{FAE04EC0-301F-11D3-BF4B-00C04F79EFBC}") = "ServiceWire_35", "ServiceWire_35\ServiceWire_35.csproj", "{98D0D15F-CCE8-457B-90BC-44C1341A2ABA}"
EndProject
Project("{FAE04EC0-301F-11D3-BF4B-00C04F79EFBC}") = "ServiceWireTests_Net35", "Tests\Unit\ServiceWireTests_Net35\ServiceWireTests_Net35.csproj", "{03F461B0-ADFB-4570-A1AD-21B6D4B59066}"
EndProject
Project("{2150E333-8FDC-42A3-9474-1A3956D46DE8}") = ".solutionItems", ".solutionItems", "{C6A9C54E-EB6C-403A-AC34-A2E0F4674B61}"
	ProjectSection(SolutionItems) = preProject
		NuGet.config = NuGet.config
		..\README.md = ..\README.md
		ServiceWire.dll.nuspec = ServiceWire.dll.nuspec
		ServiceWire.snk = ServiceWire.snk
	EndProjectSection
EndProject
Project("{FAE04EC0-301F-11D3-BF4B-00C04F79EFBC}") = "ServiceWireTestCommon_Net35", "Tests\ServiceWireTestCommon_Net35\ServiceWireTestCommon_Net35.csproj", "{BFB84581-0DA2-4937-9C52-47A32BEDAA03}"
EndProject
Project("{FAE04EC0-301F-11D3-BF4B-00C04F79EFBC}") = "ServiceWire_40-client", "ServiceWire_40-client\ServiceWire_40-client.csproj", "{0A183A33-1FF1-4920-B70C-DE7F627FF217}"
EndProject
Project("{8BB2217D-0F2D-49D1-97BC-3654ED321F3B}") = "ServiceWire.Core", "ServiceWire.Core\ServiceWire.Core.xproj", "{A7EEC6E1-3D01-4365-B0F8-F26C637E773E}"
EndProject
Project("{2150E333-8FDC-42A3-9474-1A3956D46DE8}") = "Core", "Core", "{B2AB858A-86B9-4066-A4C4-3B06A60D36FB}"
EndProject
Project("{8BB2217D-0F2D-49D1-97BC-3654ED321F3B}") = "CoreTestHost", "Tests\Core\CoreTestHost\CoreTestHost.xproj", "{D6186C58-2AD5-42F5-B96D-D4CAA4F8E4C9}"
EndProject
Project("{8BB2217D-0F2D-49D1-97BC-3654ED321F3B}") = "CoreTestClient1", "Tests\Core\CoreTestClient1\CoreTestClient1.xproj", "{5D855574-9D81-4DC1-B29C-5B231C296247}"
EndProject
Project("{8BB2217D-0F2D-49D1-97BC-3654ED321F3B}") = "CoreTestClient2", "Tests\Core\CoreTestClient2\CoreTestClient2.xproj", "{A0A3FF66-FFF2-4065-989D-CC7E1EAE29B3}"
EndProject
Project("{2150E333-8FDC-42A3-9474-1A3956D46DE8}") = "Solution Items", "Solution Items", "{90386916-675B-4DEA-BBFC-5468C873A264}"
	ProjectSection(SolutionItems) = preProject
		global.json = global.json
	EndProjectSection
EndProject
Project("{8BB2217D-0F2D-49D1-97BC-3654ED321F3B}") = "CoreTestCommon", "Tests\Core\CoreTestCommon\CoreTestCommon.xproj", "{C1014BDD-4150-439F-B832-E9C7E2956F26}"
EndProject
Project("{2150E333-8FDC-42A3-9474-1A3956D46DE8}") = "Demo", "Demo", "{917620BA-F957-4891-82CC-B7AEDC2121CD}"
EndProject
Project("{FAE04EC0-301F-11D3-BF4B-00C04F79EFBC}") = "DemoHost", "Demo\DemoHost\DemoHost.csproj", "{67A4599D-104F-40DF-AD8E-0F1F9EA56F7B}"
EndProject
Project("{FAE04EC0-301F-11D3-BF4B-00C04F79EFBC}") = "DemoCommon", "Demo\DemoCommon\DemoCommon.csproj", "{D871AB84-61BC-474B-80DD-2B75E149CC90}"
EndProject
Project("{FAE04EC0-301F-11D3-BF4B-00C04F79EFBC}") = "DemoClient", "Demo\DemoClient\DemoClient.csproj", "{B8D38CA4-25C1-455F-865C-93BB1F73C4D6}"
EndProject
Global
	GlobalSection(SolutionConfigurationPlatforms) = preSolution
		Debug|Any CPU = Debug|Any CPU
		Release|Any CPU = Release|Any CPU
	EndGlobalSection
	GlobalSection(ProjectConfigurationPlatforms) = postSolution
		{4F36B450-A225-4D13-9786-8B84AC25A304}.Debug|Any CPU.ActiveCfg = Debug|Any CPU
		{4F36B450-A225-4D13-9786-8B84AC25A304}.Debug|Any CPU.Build.0 = Debug|Any CPU
		{4F36B450-A225-4D13-9786-8B84AC25A304}.Release|Any CPU.ActiveCfg = Release|Any CPU
		{4F36B450-A225-4D13-9786-8B84AC25A304}.Release|Any CPU.Build.0 = Release|Any CPU
		{3265DA8B-AD7E-4F2A-BB5B-2D81C5BA500A}.Debug|Any CPU.ActiveCfg = Debug|Any CPU
		{3265DA8B-AD7E-4F2A-BB5B-2D81C5BA500A}.Debug|Any CPU.Build.0 = Debug|Any CPU
		{3265DA8B-AD7E-4F2A-BB5B-2D81C5BA500A}.Release|Any CPU.ActiveCfg = Release|Any CPU
		{3265DA8B-AD7E-4F2A-BB5B-2D81C5BA500A}.Release|Any CPU.Build.0 = Release|Any CPU
		{2AF18F87-5258-4AF4-8441-A67344DD5C13}.Debug|Any CPU.ActiveCfg = Debug|Any CPU
		{2AF18F87-5258-4AF4-8441-A67344DD5C13}.Debug|Any CPU.Build.0 = Debug|Any CPU
		{2AF18F87-5258-4AF4-8441-A67344DD5C13}.Release|Any CPU.ActiveCfg = Release|Any CPU
		{2AF18F87-5258-4AF4-8441-A67344DD5C13}.Release|Any CPU.Build.0 = Release|Any CPU
		{B9FAD2F3-17D4-435D-906B-45175457B294}.Debug|Any CPU.ActiveCfg = Debug|Any CPU
		{B9FAD2F3-17D4-435D-906B-45175457B294}.Debug|Any CPU.Build.0 = Debug|Any CPU
		{B9FAD2F3-17D4-435D-906B-45175457B294}.Release|Any CPU.ActiveCfg = Release|Any CPU
		{B9FAD2F3-17D4-435D-906B-45175457B294}.Release|Any CPU.Build.0 = Release|Any CPU
		{0DF0ECE8-6ACA-442B-BBA6-6367F9B8D296}.Debug|Any CPU.ActiveCfg = Debug|Any CPU
		{0DF0ECE8-6ACA-442B-BBA6-6367F9B8D296}.Debug|Any CPU.Build.0 = Debug|Any CPU
		{0DF0ECE8-6ACA-442B-BBA6-6367F9B8D296}.Release|Any CPU.ActiveCfg = Release|Any CPU
		{0DF0ECE8-6ACA-442B-BBA6-6367F9B8D296}.Release|Any CPU.Build.0 = Release|Any CPU
		{4E07F3FB-F17C-4FF8-AA06-59ECE4956F6F}.Debug|Any CPU.ActiveCfg = Debug|Any CPU
		{4E07F3FB-F17C-4FF8-AA06-59ECE4956F6F}.Debug|Any CPU.Build.0 = Debug|Any CPU
		{4E07F3FB-F17C-4FF8-AA06-59ECE4956F6F}.Release|Any CPU.ActiveCfg = Release|Any CPU
		{4E07F3FB-F17C-4FF8-AA06-59ECE4956F6F}.Release|Any CPU.Build.0 = Release|Any CPU
		{98D0D15F-CCE8-457B-90BC-44C1341A2ABA}.Debug|Any CPU.ActiveCfg = Debug|Any CPU
		{98D0D15F-CCE8-457B-90BC-44C1341A2ABA}.Debug|Any CPU.Build.0 = Debug|Any CPU
		{98D0D15F-CCE8-457B-90BC-44C1341A2ABA}.Release|Any CPU.ActiveCfg = Release|Any CPU
		{98D0D15F-CCE8-457B-90BC-44C1341A2ABA}.Release|Any CPU.Build.0 = Release|Any CPU
		{03F461B0-ADFB-4570-A1AD-21B6D4B59066}.Debug|Any CPU.ActiveCfg = Debug|Any CPU
		{03F461B0-ADFB-4570-A1AD-21B6D4B59066}.Debug|Any CPU.Build.0 = Debug|Any CPU
		{03F461B0-ADFB-4570-A1AD-21B6D4B59066}.Release|Any CPU.ActiveCfg = Release|Any CPU
		{03F461B0-ADFB-4570-A1AD-21B6D4B59066}.Release|Any CPU.Build.0 = Release|Any CPU
		{BFB84581-0DA2-4937-9C52-47A32BEDAA03}.Debug|Any CPU.ActiveCfg = Debug|Any CPU
		{BFB84581-0DA2-4937-9C52-47A32BEDAA03}.Debug|Any CPU.Build.0 = Debug|Any CPU
		{BFB84581-0DA2-4937-9C52-47A32BEDAA03}.Release|Any CPU.ActiveCfg = Release|Any CPU
		{BFB84581-0DA2-4937-9C52-47A32BEDAA03}.Release|Any CPU.Build.0 = Release|Any CPU
		{0A183A33-1FF1-4920-B70C-DE7F627FF217}.Debug|Any CPU.ActiveCfg = Debug|Any CPU
		{0A183A33-1FF1-4920-B70C-DE7F627FF217}.Debug|Any CPU.Build.0 = Debug|Any CPU
		{0A183A33-1FF1-4920-B70C-DE7F627FF217}.Release|Any CPU.ActiveCfg = Release|Any CPU
		{0A183A33-1FF1-4920-B70C-DE7F627FF217}.Release|Any CPU.Build.0 = Release|Any CPU
		{A7EEC6E1-3D01-4365-B0F8-F26C637E773E}.Debug|Any CPU.ActiveCfg = Debug|Any CPU
		{A7EEC6E1-3D01-4365-B0F8-F26C637E773E}.Debug|Any CPU.Build.0 = Debug|Any CPU
		{A7EEC6E1-3D01-4365-B0F8-F26C637E773E}.Release|Any CPU.ActiveCfg = Release|Any CPU
		{A7EEC6E1-3D01-4365-B0F8-F26C637E773E}.Release|Any CPU.Build.0 = Release|Any CPU
		{D6186C58-2AD5-42F5-B96D-D4CAA4F8E4C9}.Debug|Any CPU.ActiveCfg = Debug|Any CPU
		{D6186C58-2AD5-42F5-B96D-D4CAA4F8E4C9}.Debug|Any CPU.Build.0 = Debug|Any CPU
		{D6186C58-2AD5-42F5-B96D-D4CAA4F8E4C9}.Release|Any CPU.ActiveCfg = Release|Any CPU
		{D6186C58-2AD5-42F5-B96D-D4CAA4F8E4C9}.Release|Any CPU.Build.0 = Release|Any CPU
		{5D855574-9D81-4DC1-B29C-5B231C296247}.Debug|Any CPU.ActiveCfg = Debug|Any CPU
		{5D855574-9D81-4DC1-B29C-5B231C296247}.Debug|Any CPU.Build.0 = Debug|Any CPU
		{5D855574-9D81-4DC1-B29C-5B231C296247}.Release|Any CPU.ActiveCfg = Release|Any CPU
		{5D855574-9D81-4DC1-B29C-5B231C296247}.Release|Any CPU.Build.0 = Release|Any CPU
		{A0A3FF66-FFF2-4065-989D-CC7E1EAE29B3}.Debug|Any CPU.ActiveCfg = Debug|Any CPU
		{A0A3FF66-FFF2-4065-989D-CC7E1EAE29B3}.Debug|Any CPU.Build.0 = Debug|Any CPU
		{A0A3FF66-FFF2-4065-989D-CC7E1EAE29B3}.Release|Any CPU.ActiveCfg = Release|Any CPU
		{A0A3FF66-FFF2-4065-989D-CC7E1EAE29B3}.Release|Any CPU.Build.0 = Release|Any CPU
		{C1014BDD-4150-439F-B832-E9C7E2956F26}.Debug|Any CPU.ActiveCfg = Debug|Any CPU
		{C1014BDD-4150-439F-B832-E9C7E2956F26}.Debug|Any CPU.Build.0 = Debug|Any CPU
		{C1014BDD-4150-439F-B832-E9C7E2956F26}.Release|Any CPU.ActiveCfg = Release|Any CPU
		{C1014BDD-4150-439F-B832-E9C7E2956F26}.Release|Any CPU.Build.0 = Release|Any CPU
		{67A4599D-104F-40DF-AD8E-0F1F9EA56F7B}.Debug|Any CPU.ActiveCfg = Debug|Any CPU
		{67A4599D-104F-40DF-AD8E-0F1F9EA56F7B}.Debug|Any CPU.Build.0 = Debug|Any CPU
		{67A4599D-104F-40DF-AD8E-0F1F9EA56F7B}.Release|Any CPU.ActiveCfg = Release|Any CPU
		{67A4599D-104F-40DF-AD8E-0F1F9EA56F7B}.Release|Any CPU.Build.0 = Release|Any CPU
		{D871AB84-61BC-474B-80DD-2B75E149CC90}.Debug|Any CPU.ActiveCfg = Debug|Any CPU
		{D871AB84-61BC-474B-80DD-2B75E149CC90}.Debug|Any CPU.Build.0 = Debug|Any CPU
		{D871AB84-61BC-474B-80DD-2B75E149CC90}.Release|Any CPU.ActiveCfg = Release|Any CPU
		{D871AB84-61BC-474B-80DD-2B75E149CC90}.Release|Any CPU.Build.0 = Release|Any CPU
		{B8D38CA4-25C1-455F-865C-93BB1F73C4D6}.Debug|Any CPU.ActiveCfg = Debug|Any CPU
		{B8D38CA4-25C1-455F-865C-93BB1F73C4D6}.Debug|Any CPU.Build.0 = Debug|Any CPU
		{B8D38CA4-25C1-455F-865C-93BB1F73C4D6}.Release|Any CPU.ActiveCfg = Release|Any CPU
		{B8D38CA4-25C1-455F-865C-93BB1F73C4D6}.Release|Any CPU.Build.0 = Release|Any CPU
	EndGlobalSection
	GlobalSection(SolutionProperties) = preSolution
		HideSolutionNode = FALSE
	EndGlobalSection
	GlobalSection(NestedProjects) = preSolution
		{FC6B546C-85D6-4C37-ABB4-E02903AFB564} = {B4BD92DB-D725-4D20-8134-B610CA83F842}
		{F2EA68D1-E9C5-40C2-8EFA-4D282ACD32D4} = {B4BD92DB-D725-4D20-8134-B610CA83F842}
		{3265DA8B-AD7E-4F2A-BB5B-2D81C5BA500A} = {F2EA68D1-E9C5-40C2-8EFA-4D282ACD32D4}
		{2AF18F87-5258-4AF4-8441-A67344DD5C13} = {F2EA68D1-E9C5-40C2-8EFA-4D282ACD32D4}
		{B9FAD2F3-17D4-435D-906B-45175457B294} = {F2EA68D1-E9C5-40C2-8EFA-4D282ACD32D4}
		{0DF0ECE8-6ACA-442B-BBA6-6367F9B8D296} = {FC6B546C-85D6-4C37-ABB4-E02903AFB564}
		{4E07F3FB-F17C-4FF8-AA06-59ECE4956F6F} = {B4BD92DB-D725-4D20-8134-B610CA83F842}
		{03F461B0-ADFB-4570-A1AD-21B6D4B59066} = {FC6B546C-85D6-4C37-ABB4-E02903AFB564}
		{BFB84581-0DA2-4937-9C52-47A32BEDAA03} = {B4BD92DB-D725-4D20-8134-B610CA83F842}
		{B2AB858A-86B9-4066-A4C4-3B06A60D36FB} = {B4BD92DB-D725-4D20-8134-B610CA83F842}
		{D6186C58-2AD5-42F5-B96D-D4CAA4F8E4C9} = {B2AB858A-86B9-4066-A4C4-3B06A60D36FB}
		{5D855574-9D81-4DC1-B29C-5B231C296247} = {B2AB858A-86B9-4066-A4C4-3B06A60D36FB}
		{A0A3FF66-FFF2-4065-989D-CC7E1EAE29B3} = {B2AB858A-86B9-4066-A4C4-3B06A60D36FB}
		{C1014BDD-4150-439F-B832-E9C7E2956F26} = {B2AB858A-86B9-4066-A4C4-3B06A60D36FB}
		{67A4599D-104F-40DF-AD8E-0F1F9EA56F7B} = {917620BA-F957-4891-82CC-B7AEDC2121CD}
		{D871AB84-61BC-474B-80DD-2B75E149CC90} = {917620BA-F957-4891-82CC-B7AEDC2121CD}
		{B8D38CA4-25C1-455F-865C-93BB1F73C4D6} = {917620BA-F957-4891-82CC-B7AEDC2121CD}
	EndGlobalSection
EndGlobal
