
Microsoft Visual Studio Solution File, Format Version 12.00
# Visual Studio 15
VisualStudioVersion = 15.0.28307.168
MinimumVisualStudioVersion = 10.0.40219.1
Project("{2150E333-8FDC-42A3-9474-1A3956D46DE8}") = "Tests", "Tests", "{B4BD92DB-D725-4D20-8134-B610CA83F842}"
EndProject
Project("{2150E333-8FDC-42A3-9474-1A3956D46DE8}") = "Unit", "Unit", "{FC6B546C-85D6-4C37-ABB4-E02903AFB564}"
EndProject
Project("{2150E333-8FDC-42A3-9474-1A3956D46DE8}") = "Integration", "Integration", "{F2EA68D1-E9C5-40C2-8EFA-4D282ACD32D4}"
EndProject
Project("{2150E333-8FDC-42A3-9474-1A3956D46DE8}") = ".solutionItems", ".solutionItems", "{C6A9C54E-EB6C-403A-AC34-A2E0F4674B61}"
	ProjectSection(SolutionItems) = preProject
		..\README.md = ..\README.md
	EndProjectSection
EndProject
Project("{2150E333-8FDC-42A3-9474-1A3956D46DE8}") = "Demo", "Demo", "{917620BA-F957-4891-82CC-B7AEDC2121CD}"
EndProject
Project("{9A19103F-16F7-4668-BE54-9A1E7A4F7556}") = "ServiceWire", "ServiceWire\ServiceWire.csproj", "{4F36B450-A225-4D13-9786-8B84AC25A304}"
EndProject
Project("{FAE04EC0-301F-11D3-BF4B-00C04F79EFBC}") = "ServiceWireTestHost", "Tests\Integration\ServiceWireTestHost\ServiceWireTestHost.csproj", "{3265DA8B-AD7E-4F2A-BB5B-2D81C5BA500A}"
EndProject
Project("{FAE04EC0-301F-11D3-BF4B-00C04F79EFBC}") = "ServiceWireTestClient2", "Tests\Integration\ServiceWireTestClient2\ServiceWireTestClient2.csproj", "{2AF18F87-5258-4AF4-8441-A67344DD5C13}"
EndProject
Project("{FAE04EC0-301F-11D3-BF4B-00C04F79EFBC}") = "ServiceWireTestClient1", "Tests\Integration\ServiceWireTestClient1\ServiceWireTestClient1.csproj", "{B9FAD2F3-17D4-435D-906B-45175457B294}"
EndProject
Project("{9A19103F-16F7-4668-BE54-9A1E7A4F7556}") = "ServiceWireTests", "Tests\Unit\ServiceWireTests\ServiceWireTests.csproj", "{0DF0ECE8-6ACA-442B-BBA6-6367F9B8D296}"
EndProject
Project("{FAE04EC0-301F-11D3-BF4B-00C04F79EFBC}") = "ServiceWireTestCommon", "Tests\ServiceWireTestCommon\ServiceWireTestCommon.csproj", "{4E07F3FB-F17C-4FF8-AA06-59ECE4956F6F}"
EndProject
Project("{FAE04EC0-301F-11D3-BF4B-00C04F79EFBC}") = "DemoHost", "Demo\DemoHost\DemoHost.csproj", "{67A4599D-104F-40DF-AD8E-0F1F9EA56F7B}"
EndProject
Project("{FAE04EC0-301F-11D3-BF4B-00C04F79EFBC}") = "DemoCommon", "Demo\DemoCommon\DemoCommon.csproj", "{D871AB84-61BC-474B-80DD-2B75E149CC90}"
EndProject
Project("{FAE04EC0-301F-11D3-BF4B-00C04F79EFBC}") = "DemoClient", "Demo\DemoClient\DemoClient.csproj", "{B8D38CA4-25C1-455F-865C-93BB1F73C4D6}"
EndProject
Global
	GlobalSection(SolutionConfigurationPlatforms) = preSolution
		Debug|Any CPU = Debug|Any CPU
		Release|Any CPU = Release|Any CPU
	EndGlobalSection
	GlobalSection(ProjectConfigurationPlatforms) = postSolution
		{4F36B450-A225-4D13-9786-8B84AC25A304}.Debug|Any CPU.ActiveCfg = Debug|Any CPU
		{4F36B450-A225-4D13-9786-8B84AC25A304}.Debug|Any CPU.Build.0 = Debug|Any CPU
		{4F36B450-A225-4D13-9786-8B84AC25A304}.Release|Any CPU.ActiveCfg = Release|Any CPU
		{4F36B450-A225-4D13-9786-8B84AC25A304}.Release|Any CPU.Build.0 = Release|Any CPU
		{3265DA8B-AD7E-4F2A-BB5B-2D81C5BA500A}.Debug|Any CPU.ActiveCfg = Debug|Any CPU
		{3265DA8B-AD7E-4F2A-BB5B-2D81C5BA500A}.Debug|Any CPU.Build.0 = Debug|Any CPU
		{3265DA8B-AD7E-4F2A-BB5B-2D81C5BA500A}.Release|Any CPU.ActiveCfg = Release|Any CPU
		{3265DA8B-AD7E-4F2A-BB5B-2D81C5BA500A}.Release|Any CPU.Build.0 = Release|Any CPU
		{2AF18F87-5258-4AF4-8441-A67344DD5C13}.Debug|Any CPU.ActiveCfg = Debug|Any CPU
		{2AF18F87-5258-4AF4-8441-A67344DD5C13}.Debug|Any CPU.Build.0 = Debug|Any CPU
		{2AF18F87-5258-4AF4-8441-A67344DD5C13}.Release|Any CPU.ActiveCfg = Release|Any CPU
		{2AF18F87-5258-4AF4-8441-A67344DD5C13}.Release|Any CPU.Build.0 = Release|Any CPU
		{B9FAD2F3-17D4-435D-906B-45175457B294}.Debug|Any CPU.ActiveCfg = Debug|Any CPU
		{B9FAD2F3-17D4-435D-906B-45175457B294}.Debug|Any CPU.Build.0 = Debug|Any CPU
		{B9FAD2F3-17D4-435D-906B-45175457B294}.Release|Any CPU.ActiveCfg = Release|Any CPU
		{B9FAD2F3-17D4-435D-906B-45175457B294}.Release|Any CPU.Build.0 = Release|Any CPU
		{0DF0ECE8-6ACA-442B-BBA6-6367F9B8D296}.Debug|Any CPU.ActiveCfg = Debug|Any CPU
		{0DF0ECE8-6ACA-442B-BBA6-6367F9B8D296}.Debug|Any CPU.Build.0 = Debug|Any CPU
		{0DF0ECE8-6ACA-442B-BBA6-6367F9B8D296}.Release|Any CPU.ActiveCfg = Release|Any CPU
		{0DF0ECE8-6ACA-442B-BBA6-6367F9B8D296}.Release|Any CPU.Build.0 = Release|Any CPU
		{4E07F3FB-F17C-4FF8-AA06-59ECE4956F6F}.Debug|Any CPU.ActiveCfg = Debug|Any CPU
		{4E07F3FB-F17C-4FF8-AA06-59ECE4956F6F}.Debug|Any CPU.Build.0 = Debug|Any CPU
		{4E07F3FB-F17C-4FF8-AA06-59ECE4956F6F}.Release|Any CPU.ActiveCfg = Release|Any CPU
		{4E07F3FB-F17C-4FF8-AA06-59ECE4956F6F}.Release|Any CPU.Build.0 = Release|Any CPU
		{67A4599D-104F-40DF-AD8E-0F1F9EA56F7B}.Debug|Any CPU.ActiveCfg = Debug|Any CPU
		{67A4599D-104F-40DF-AD8E-0F1F9EA56F7B}.Debug|Any CPU.Build.0 = Debug|Any CPU
		{67A4599D-104F-40DF-AD8E-0F1F9EA56F7B}.Release|Any CPU.ActiveCfg = Release|Any CPU
		{67A4599D-104F-40DF-AD8E-0F1F9EA56F7B}.Release|Any CPU.Build.0 = Release|Any CPU
		{D871AB84-61BC-474B-80DD-2B75E149CC90}.Debug|Any CPU.ActiveCfg = Debug|Any CPU
		{D871AB84-61BC-474B-80DD-2B75E149CC90}.Debug|Any CPU.Build.0 = Debug|Any CPU
		{D871AB84-61BC-474B-80DD-2B75E149CC90}.Release|Any CPU.ActiveCfg = Release|Any CPU
		{D871AB84-61BC-474B-80DD-2B75E149CC90}.Release|Any CPU.Build.0 = Release|Any CPU
		{B8D38CA4-25C1-455F-865C-93BB1F73C4D6}.Debug|Any CPU.ActiveCfg = Debug|Any CPU
		{B8D38CA4-25C1-455F-865C-93BB1F73C4D6}.Debug|Any CPU.Build.0 = Debug|Any CPU
		{B8D38CA4-25C1-455F-865C-93BB1F73C4D6}.Release|Any CPU.ActiveCfg = Release|Any CPU
		{B8D38CA4-25C1-455F-865C-93BB1F73C4D6}.Release|Any CPU.Build.0 = Release|Any CPU
	EndGlobalSection
	GlobalSection(SolutionProperties) = preSolution
		HideSolutionNode = FALSE
	EndGlobalSection
	GlobalSection(NestedProjects) = preSolution
		{FC6B546C-85D6-4C37-ABB4-E02903AFB564} = {B4BD92DB-D725-4D20-8134-B610CA83F842}
		{F2EA68D1-E9C5-40C2-8EFA-4D282ACD32D4} = {B4BD92DB-D725-4D20-8134-B610CA83F842}
		{3265DA8B-AD7E-4F2A-BB5B-2D81C5BA500A} = {F2EA68D1-E9C5-40C2-8EFA-4D282ACD32D4}
		{2AF18F87-5258-4AF4-8441-A67344DD5C13} = {F2EA68D1-E9C5-40C2-8EFA-4D282ACD32D4}
		{B9FAD2F3-17D4-435D-906B-45175457B294} = {F2EA68D1-E9C5-40C2-8EFA-4D282ACD32D4}
		{0DF0ECE8-6ACA-442B-BBA6-6367F9B8D296} = {FC6B546C-85D6-4C37-ABB4-E02903AFB564}
		{4E07F3FB-F17C-4FF8-AA06-59ECE4956F6F} = {B4BD92DB-D725-4D20-8134-B610CA83F842}
		{67A4599D-104F-40DF-AD8E-0F1F9EA56F7B} = {917620BA-F957-4891-82CC-B7AEDC2121CD}
		{D871AB84-61BC-474B-80DD-2B75E149CC90} = {917620BA-F957-4891-82CC-B7AEDC2121CD}
		{B8D38CA4-25C1-455F-865C-93BB1F73C4D6} = {917620BA-F957-4891-82CC-B7AEDC2121CD}
	EndGlobalSection
	GlobalSection(ExtensibilityGlobals) = postSolution
		SolutionGuid = {E466F06C-6792-41A4-9212-8FBC628E7F22}
	EndGlobalSection
EndGlobal
